
Microsoft Visual Studio Solution File, Format Version 12.00
# Visual Studio 2013
VisualStudioVersion = 12.0.21005.1
MinimumVisualStudioVersion = 10.0.40219.1
Project("{159641D6-6404-4A2A-AE62-294DE0FE8301}") = "ETL VehicleService Phase 2", "ETL VehicleService Phase 2\ETL VehicleService Phase 2.dtproj", "{792A6C21-288B-4949-A1A2-A614209B3F93}"
EndProject
Global
	GlobalSection(SolutionConfigurationPlatforms) = preSolution
		Development|Default = Development|Default
	EndGlobalSection
	GlobalSection(ProjectConfigurationPlatforms) = postSolution
		{792A6C21-288B-4949-A1A2-A614209B3F93}.Development|Default.ActiveCfg = Development
		{792A6C21-288B-4949-A1A2-A614209B3F93}.Development|Default.Build.0 = Development
	EndGlobalSection
	GlobalSection(SolutionProperties) = preSolution
		HideSolutionNode = FALSE
	EndGlobalSection
EndGlobal
